dependencies:
  espressif/button:
    component_hash: fccb18c37f1cfe0797b74a53a44d3f400f5fd01f4993b40052dfb7f401915089
    dependencies:
    - name: espressif/cmake_utilities
      registry_url: https://components.espressif.com
      require: private
      version: '*'
    - name: idf
      require: private
      version: '>=4.0'
    source:
      registry_url: https://components.espressif.com/
      type: service
    version: 4.1.5
  espressif/cmake_utilities:
    component_hash: 05165f30922b422b4b90c08845e6d449329b97370fbd06309803d8cb539d79e3
    dependencies:
    - name: idf
      require: private
      version: '>=4.1'
    source:
      registry_url: https://components.espressif.com
      type: service
    version: 1.1.1
  espressif/esp-idf-cxx:
    component_hash: 2fa63e4e725f0c2d3dd6d99da8a91d404b4b49667088b1be0f336eb9c13ff17f
    dependencies:
    - name: idf
      require: private
      version: '>=5.0'
    source:
      registry_url: https://components.espressif.com/
      type: service
    version: 1.0.2-beta
  hvo/hvo_button:
    component_hash: 27c513bd96042c5c463b37805d32853cfcf0cffbf62bc08fd884ed30017f340d
    dependencies:
    - name: idf
      version: '>=5.0.0'
    - name: espressif/button
      version: ^4.1.4
    source:
      git: https://github.com/hvogeler/esp-components.git
      path: hvo_button
      type: git
    version: 006ca41d9a63fcdc501148947e5111b4ba63fcd3
  hvo/nvs:
    component_hash: 7609173b2960e5e1daa54babf5ba4613ad7f1f34b12673c7585b3028c71cf72a
    dependencies:
    - name: idf
      version: '>=5.0.0'
    source:
      git: https://github.com/hvogeler/esp-components.git
      path: nvs
      type: git
    version: add32a90c529980b093e162dceefb5dd6b84bc30
  hvo/wifi:
    component_hash: 1ceb910955e517d8548c8171e53640dd7f9f9f6e85f7172c27c4d4d0b1db9743
    dependencies:
    - name: idf
      version: '>=5.0.0'
    - git: https://github.com/hvogeler/esp-components.git
      name: hvo/nvs
      path: nvs
      version: '*'
    source:
      git: https://github.com/hvogeler/esp-components.git
      path: wifi
      type: git
    version: 006ca41d9a63fcdc501148947e5111b4ba63fcd3
  idf:
    source:
      type: idf
    version: 5.5.2
direct_dependencies:
- espressif/esp-idf-cxx
- hvo/hvo_button
- hvo/nvs
- hvo/wifi
- idf
manifest_hash: a9621a4ce98ef6def9fafef0e74cbe2b56d40c411963b435d9e91e4dde3e1aa7
target: esp32s3
version: 2.0.0
