dependencies:
  espressif/button:
    component_hash: f53face2ab21fa0ffaf4cf0f6e513d393f56df6586bb2ad1146120f03f19ee05
    dependencies:
    - name: espressif/cmake_utilities
      registry_url: https://components.espressif.com
      require: private
      version: '*'
    - name: idf
      require: private
      version: '>=4.0'
    source:
      registry_url: https://components.espressif.com/
      type: service
    version: 4.1.3
  espressif/cmake_utilities:
    component_hash: 05165f30922b422b4b90c08845e6d449329b97370fbd06309803d8cb539d79e3
    dependencies:
    - name: idf
      require: private
      version: '>=4.1'
    source:
      registry_url: https://components.espressif.com
      type: service
    version: 1.1.1
  espressif/esp-idf-cxx:
    component_hash: 2fa63e4e725f0c2d3dd6d99da8a91d404b4b49667088b1be0f336eb9c13ff17f
    dependencies:
    - name: idf
      require: private
      version: '>=5.0'
    source:
      registry_url: https://components.espressif.com/
      type: service
    version: 1.0.2-beta
  hvo/nvs:
    dependencies:
    - name: idf
      version: '>=5.0.0'
    source:
      path: /Users/hvo/Esp32/esp-components/nvs
      type: local
    version: 1.0.19
  hvo/wifi:
    dependencies:
    - name: idf
      version: '>=5.0.0'
    - git: https://github.com/hvogeler/esp-components.git
      name: hvo/nvs
      path: nvs
      version: '*'
    source:
      path: /Users/hvo/Esp32/esp-components/wifi
      type: local
    version: 1.0.19
  idf:
    source:
      type: idf
    version: 5.5.2
direct_dependencies:
- espressif/button
- espressif/esp-idf-cxx
- hvo/nvs
- hvo/wifi
- idf
manifest_hash: f34888b74566d60d32dd665bc4929456af5b0f672a0df73d2c653a592e287aa2
target: esp32s3
version: 2.0.0
