dependencies:
  espressif/button:
    component_hash: fccb18c37f1cfe0797b74a53a44d3f400f5fd01f4993b40052dfb7f401915089
    dependencies:
    - name: espressif/cmake_utilities
      registry_url: https://components.espressif.com
      require: private
      version: '*'
    - name: idf
      require: private
      version: '>=4.0'
    source:
      registry_url: https://components.espressif.com/
      type: service
    version: 4.1.5
  espressif/cmake_utilities:
    component_hash: 05165f30922b422b4b90c08845e6d449329b97370fbd06309803d8cb539d79e3
    dependencies:
    - name: idf
      require: private
      version: '>=4.1'
    source:
      registry_url: https://components.espressif.com
      type: service
    version: 1.1.1
  espressif/esp-idf-cxx:
    component_hash: 2fa63e4e725f0c2d3dd6d99da8a91d404b4b49667088b1be0f336eb9c13ff17f
    dependencies:
    - name: idf
      require: private
      version: '>=5.0'
    source:
      registry_url: https://components.espressif.com/
      type: service
    version: 1.0.2-beta
  hvo/hvo_button:
    component_hash: 27c513bd96042c5c463b37805d32853cfcf0cffbf62bc08fd884ed30017f340d
    dependencies:
    - name: idf
      version: '>=5.0.0'
    - name: espressif/button
      version: ^4.1.4
    source:
      git: https://github.com/hvogeler/esp-components.git
      path: hvo_button
      type: git
    version: 006ca41d9a63fcdc501148947e5111b4ba63fcd3
  hvo/hvo_led:
    component_hash: 9b5db3f1d124c1cb20fde451f4227b56581c1da70abf0f805fd4ad7971de6179
    dependencies:
    - name: idf
      version: '>=5.0.0'
    - name: espressif/esp-idf-cxx
      version: ^1.0.2-beta
    source:
      git: https://github.com/hvogeler/esp-components.git
      path: hvo_led
      type: git
    version: f78d1255233b2f5f8fa0126ee1bde9ea2ec98422
  hvo/nvs:
    component_hash: 7609173b2960e5e1daa54babf5ba4613ad7f1f34b12673c7585b3028c71cf72a
    dependencies:
    - name: idf
      version: '>=5.0.0'
    source:
      git: https://github.com/hvogeler/esp-components.git
      path: nvs
      type: git
    version: add32a90c529980b093e162dceefb5dd6b84bc30
  hvo/wifi:
    component_hash: d38cc407ac000d3232ba243097f767c8fd1152c53a2ce146f7af6bab009f542f
    dependencies:
    - name: idf
      version: '>=5.0.0'
    - git: https://github.com/hvogeler/esp-components.git
      name: hvo/nvs
      path: nvs
      version: '*'
    source:
      git: https://github.com/hvogeler/esp-components.git
      path: wifi
      type: git
    version: dfc0cb2f15fdfe9d6887616afba22ffb23aff34b
  idf:
    source:
      type: idf
    version: 5.5.2
direct_dependencies:
- espressif/esp-idf-cxx
- hvo/hvo_button
- hvo/hvo_led
- hvo/nvs
- hvo/wifi
- idf
manifest_hash: f365e9581f6a927c2fceb13d698f4d3e7e53bce8d82b92b9fdd2ef5455e2910e
target: esp32s3
version: 2.0.0
